
Microsoft Visual Studio Solution File, Format Version 12.00
# Visual Studio Version 17
VisualStudioVersion = 17.0.31903.59
MinimumVisualStudioVersion = 10.0.40219.1
Project("{FAE04EC0-301F-11D3-BF4B-00C04F79EFBC}") = "FeaturePlanner.Web", "FeaturePlanner.Web\FeaturePlanner.Web.csproj", "{9D5EEF99-08DF-4288-A001-66A899001C77}"
EndProject
Project("{FAE04EC0-301F-11D3-BF4B-00C04F79EFBC}") = "FeaturePlanner.Tests", "FeaturePlanner.Tests\FeaturePlanner.Tests.csproj", "{54E4A8D7-8241-4232-B850-AA3C48387839}"
EndProject
Global
	GlobalSection(SolutionConfigurationPlatforms) = preSolution
		Debug|Any CPU = Debug|Any CPU
		Release|Any CPU = Release|Any CPU
	EndGlobalSection
	GlobalSection(SolutionProperties) = preSolution
		HideSolutionNode = FALSE
	EndGlobalSection
	GlobalSection(ProjectConfigurationPlatforms) = postSolution
		{9D5EEF99-08DF-4288-A001-66A899001C77}.Debug|Any CPU.ActiveCfg = Debug|Any CPU
		{9D5EEF99-08DF-4288-A001-66A899001C77}.Debug|Any CPU.Build.0 = Debug|Any CPU
		{9D5EEF99-08DF-4288-A001-66A899001C77}.Release|Any CPU.ActiveCfg = Release|Any CPU
		{9D5EEF99-08DF-4288-A001-66A899001C77}.Release|Any CPU.Build.0 = Release|Any CPU
		{54E4A8D7-8241-4232-B850-AA3C48387839}.Debug|Any CPU.ActiveCfg = Debug|Any CPU
		{54E4A8D7-8241-4232-B850-AA3C48387839}.Debug|Any CPU.Build.0 = Debug|Any CPU
		{54E4A8D7-8241-4232-B850-AA3C48387839}.Release|Any CPU.ActiveCfg = Release|Any CPU
		{54E4A8D7-8241-4232-B850-AA3C48387839}.Release|Any CPU.Build.0 = Release|Any CPU
	EndGlobalSection
EndGlobal
